// !$*UTF8*$!
{
	archiveVersion = 1;
	classes = {
	};
	objectVersion = 46;
	objects = {

/* Begin PBXBuildFile section */
		9B8B14C31BD5F0D900211D87 /* NSObject+SBJSON.m in Sources */ = {isa = PBXBuildFile; fileRef = 9B8B14B81BD5F0D900211D87 /* NSObject+SBJSON.m */; };
		9B8B14C41BD5F0D900211D87 /* NSString+SBJSON.m in Sources */ = {isa = PBXBuildFile; fileRef = 9B8B14BA1BD5F0D900211D87 /* NSString+SBJSON.m */; };
		9B8B14C51BD5F0D900211D87 /* SBJSON.m in Sources */ = {isa = PBXBuildFile; fileRef = 9B8B14BC1BD5F0D900211D87 /* SBJSON.m */; };
		9B8B14C61BD5F0D900211D87 /* SBJsonBase.m in Sources */ = {isa = PBXBuildFile; fileRef = 9B8B14BE1BD5F0D900211D87 /* SBJsonBase.m */; };
		9B8B14C71BD5F0D900211D87 /* SBJsonParser.m in Sources */ = {isa = PBXBuildFile; fileRef = 9B8B14C01BD5F0D900211D87 /* SBJsonParser.m */; };
		9B8B14C81BD5F0D900211D87 /* SBJsonWriter.m in Sources */ = {isa = PBXBuildFile; fileRef = 9B8B14C21BD5F0D900211D87 /* SBJsonWriter.m */; };
		9B8B154E1BD5F1EE00211D87 /* novel_zip in Resources */ = {isa = PBXBuildFile; fileRef = 9B8B154D1BD5F1EE00211D87 /* novel_zip */; };
		9B8B15511BD6029500211D87 /* ContentDetailController.m in Sources */ = {isa = PBXBuildFile; fileRef = 9B8B15501BD6029500211D87 /* ContentDetailController.m */; };
		9B8B15551BD6413200211D87 /* SortTypeController.m in Sources */ = {isa = PBXBuildFile; fileRef = 9B8B15541BD6413200211D87 /* SortTypeController.m */; };
		9BCE47001BD4F1AD00F274A6 /* main.m in Sources */ = {isa = PBXBuildFile; fileRef = 9BCE46FF1BD4F1AD00F274A6 /* main.m */; };
		9BCE47031BD4F1AD00F274A6 /* AppDelegate.m in Sources */ = {isa = PBXBuildFile; fileRef = 9BCE47021BD4F1AD00F274A6 /* AppDelegate.m */; };
		9BCE47061BD4F1AD00F274A6 /* ViewController.m in Sources */ = {isa = PBXBuildFile; fileRef = 9BCE47051BD4F1AD00F274A6 /* ViewController.m */; };
		9BCE47091BD4F1AD00F274A6 /* Main.storyboard in Resources */ = {isa = PBXBuildFile; fileRef = 9BCE47071BD4F1AD00F274A6 /* Main.storyboard */; };
		9BCE470B1BD4F1AD00F274A6 /* Images.xcassets in Resources */ = {isa = PBXBuildFile; fileRef = 9BCE470A1BD4F1AD00F274A6 /* Images.xcassets */; };
		9BCE470E1BD4F1AD00F274A6 /* LaunchScreen.xib in Resources */ = {isa = PBXBuildFile; fileRef = 9BCE470C1BD4F1AD00F274A6 /* LaunchScreen.xib */; };
		9BCE70491BD4FC6300F274A6 /* CellDetailController.m in Sources */ = {isa = PBXBuildFile; fileRef = 9BCE70481BD4FC6300F274A6 /* CellDetailController.m */; };
/* End PBXBuildFile section */

/* Begin PBXFileReference section */
		9B8B14B61BD5F0D900211D87 /* JSON.h */ = {isa = PBXFileReference; fileEncoding = 4; lastKnownFileType = sourcecode.c.h; path = JSON.h; sourceTree = "<group>"; };
		9B8B14B71BD5F0D900211D87 /* NSObject+SBJSON.h */ = {isa = PBXFileReference; fileEncoding = 4; lastKnownFileType = sourcecode.c.h; path = "NSObject+SBJSON.h"; sourceTree = "<group>"; };
		9B8B14B81BD5F0D900211D87 /* NSObject+SBJSON.m */ = {isa = PBXFileReference; fileEncoding = 4; lastKnownFileType = sourcecode.c.objc; path = "NSObject+SBJSON.m"; sourceTree = "<group>"; };
		9B8B14B91BD5F0D900211D87 /* NSString+SBJSON.h */ = {isa = PBXFileReference; fileEncoding = 4; lastKnownFileType = sourcecode.c.h; path = "NSString+SBJSON.h"; sourceTree = "<group>"; };
		9B8B14BA1BD5F0D900211D87 /* NSString+SBJSON.m */ = {isa = PBXFileReference; fileEncoding = 4; lastKnownFileType = sourcecode.c.objc; path = "NSString+SBJSON.m"; sourceTree = "<group>"; };
		9B8B14BB1BD5F0D900211D87 /* SBJSON.h */ = {isa = PBXFileReference; fileEncoding = 4; lastKnownFileType = sourcecode.c.h; path = SBJSON.h; sourceTree = "<group>"; };
		9B8B14BC1BD5F0D900211D87 /* SBJSON.m */ = {isa = PBXFileReference; fileEncoding = 4; lastKnownFileType = sourcecode.c.objc; path = SBJSON.m; sourceTree = "<group>"; };
		9B8B14BD1BD5F0D900211D87 /* SBJsonBase.h */ = {isa = PBXFileReference; fileEncoding = 4; lastKnownFileType = sourcecode.c.h; path = SBJsonBase.h; sourceTree = "<group>"; };
		9B8B14BE1BD5F0D900211D87 /* SBJsonBase.m */ = {isa = PBXFileReference; fileEncoding = 4; lastKnownFileType = sourcecode.c.objc; path = SBJsonBase.m; sourceTree = "<group>"; };
		9B8B14BF1BD5F0D900211D87 /* SBJsonParser.h */ = {isa = PBXFileReference; fileEncoding = 4; lastKnownFileType = sourcecode.c.h; path = SBJsonParser.h; sourceTree = "<group>"; };
		9B8B14C01BD5F0D900211D87 /* SBJsonParser.m */ = {isa = PBXFileReference; fileEncoding = 4; lastKnownFileType = sourcecode.c.objc; path = SBJsonParser.m; sourceTree = "<group>"; };
		9B8B14C11BD5F0D900211D87 /* SBJsonWriter.h */ = {isa = PBXFileReference; fileEncoding = 4; lastKnownFileType = sourcecode.c.h; path = SBJsonWriter.h; sourceTree = "<group>"; };
		9B8B14C21BD5F0D900211D87 /* SBJsonWriter.m */ = {isa = PBXFileReference; fileEncoding = 4; lastKnownFileType = sourcecode.c.objc; path = SBJsonWriter.m; sourceTree = "<group>"; };
		9B8B154D1BD5F1EE00211D87 /* novel_zip */ = {isa = PBXFileReference; lastKnownFileType = folder; path = novel_zip; sourceTree = "<group>"; };
		9B8B154F1BD6029500211D87 /* ContentDetailController.h */ = {isa = PBXFileReference; fileEncoding = 4; lastKnownFileType = sourcecode.c.h; path = ContentDetailController.h; sourceTree = "<group>"; };
		9B8B15501BD6029500211D87 /* ContentDetailController.m */ = {isa = PBXFileReference; fileEncoding = 4; lastKnownFileType = sourcecode.c.objc; path = ContentDetailController.m; sourceTree = "<group>"; };
		9B8B15531BD6413200211D87 /* SortTypeController.h */ = {isa = PBXFileReference; fileEncoding = 4; lastKnownFileType = sourcecode.c.h; path = SortTypeController.h; sourceTree = "<group>"; };
		9B8B15541BD6413200211D87 /* SortTypeController.m */ = {isa = PBXFileReference; fileEncoding = 4; lastKnownFileType = sourcecode.c.objc; path = SortTypeController.m; sourceTree = "<group>"; };
		9BCE46FA1BD4F1AD00F274A6 /* ReadBooks.app */ = {isa = PBXFileReference; explicitFileType = wrapper.application; includeInIndex = 0; path = ReadBooks.app; sourceTree = BUILT_PRODUCTS_DIR; };
		9BCE46FE1BD4F1AD00F274A6 /* Info.plist */ = {isa = PBXFileReference; lastKnownFileType = text.plist.xml; path = Info.plist; sourceTree = "<group>"; };
		9BCE46FF1BD4F1AD00F274A6 /* main.m */ = {isa = PBXFileReference; lastKnownFileType = sourcecode.c.objc; path = main.m; sourceTree = "<group>"; };
		9BCE47011BD4F1AD00F274A6 /* AppDelegate.h */ = {isa = PBXFileReference; lastKnownFileType = sourcecode.c.h; path = AppDelegate.h; sourceTree = "<group>"; };
		9BCE47021BD4F1AD00F274A6 /* AppDelegate.m */ = {isa = PBXFileReference; lastKnownFileType = sourcecode.c.objc; path = AppDelegate.m; sourceTree = "<group>"; };
		9BCE47041BD4F1AD00F274A6 /* ViewController.h */ = {isa = PBXFileReference; lastKnownFileType = sourcecode.c.h; path = ViewController.h; sourceTree = "<group>"; };
		9BCE47051BD4F1AD00F274A6 /* ViewController.m */ = {isa = PBXFileReference; lastKnownFileType = sourcecode.c.objc; path = ViewController.m; sourceTree = "<group>"; };
		9BCE47081BD4F1AD00F274A6 /* Base */ = {isa = PBXFileReference; lastKnownFileType = file.storyboard; name = Base; path = Base.lproj/Main.storyboard; sourceTree = "<group>"; };
		9BCE470A1BD4F1AD00F274A6 /* Images.xcassets */ = {isa = PBXFileReference; lastKnownFileType = folder.assetcatalog; path = Images.xcassets; sourceTree = "<group>"; };
		9BCE470D1BD4F1AD00F274A6 /* Base */ = {isa = PBXFileReference; lastKnownFileType = file.xib; name = Base; path = Base.lproj/LaunchScreen.xib; sourceTree = "<group>"; };
		9BCE47181BD4F1AD00F274A6 /* Info.plist */ = {isa = PBXFileReference; lastKnownFileType = text.plist.xml; path = Info.plist; sourceTree = "<group>"; };
		9BCE47191BD4F1AD00F274A6 /* ReadBooksTests.m */ = {isa = PBXFileReference; lastKnownFileType = sourcecode.c.objc; path = ReadBooksTests.m; sourceTree = "<group>"; };
		9BCE70471BD4FC6300F274A6 /* CellDetailController.h */ = {isa = PBXFileReference; fileEncoding = 4; lastKnownFileType = sourcecode.c.h; path = CellDetailController.h; sourceTree = "<group>"; };
		9BCE70481BD4FC6300F274A6 /* CellDetailController.m */ = {isa = PBXFileReference; fileEncoding = 4; lastKnownFileType = sourcecode.c.objc; path = CellDetailController.m; sourceTree = "<group>"; };
/* End PBXFileReference section */

/* Begin PBXFrameworksBuildPhase section */
		9BCE46F71BD4F1AD00F274A6 /* Frameworks */ = {
			isa = PBXFrameworksBuildPhase;
			buildActionMask = 2147483647;
			files = (
			);
			runOnlyForDeploymentPostprocessing = 0;
		};
/* End PBXFrameworksBuildPhase section */

/* Begin PBXGroup section */
		9B8B14B51BD5F0D900211D87 /* SBJSON */ = {
			isa = PBXGroup;
			children = (
				9B8B14B61BD5F0D900211D87 /* JSON.h */,
				9B8B14B71BD5F0D900211D87 /* NSObject+SBJSON.h */,
				9B8B14B81BD5F0D900211D87 /* NSObject+SBJSON.m */,
				9B8B14B91BD5F0D900211D87 /* NSString+SBJSON.h */,
				9B8B14BA1BD5F0D900211D87 /* NSString+SBJSON.m */,
				9B8B14BB1BD5F0D900211D87 /* SBJSON.h */,
				9B8B14BC1BD5F0D900211D87 /* SBJSON.m */,
				9B8B14BD1BD5F0D900211D87 /* SBJsonBase.h */,
				9B8B14BE1BD5F0D900211D87 /* SBJsonBase.m */,
				9B8B14BF1BD5F0D900211D87 /* SBJsonParser.h */,
				9B8B14C01BD5F0D900211D87 /* SBJsonParser.m */,
				9B8B14C11BD5F0D900211D87 /* SBJsonWriter.h */,
				9B8B14C21BD5F0D900211D87 /* SBJsonWriter.m */,
			);
			path = SBJSON;
			sourceTree = "<group>";
		};
		9BCE46F11BD4F1AD00F274A6 = {
			isa = PBXGroup;
			children = (
				9B8B154D1BD5F1EE00211D87 /* novel_zip */,
				9B8B14B51BD5F0D900211D87 /* SBJSON */,
				9BCE46FC1BD4F1AD00F274A6 /* ReadBooks */,
				9BCE47161BD4F1AD00F274A6 /* ReadBooksTests */,
				9BCE46FB1BD4F1AD00F274A6 /* Products */,
			);
			sourceTree = "<group>";
		};
		9BCE46FB1BD4F1AD00F274A6 /* Products */ = {
			isa = PBXGroup;
			children = (
				9BCE46FA1BD4F1AD00F274A6 /* ReadBooks.app */,
			);
			name = Products;
			sourceTree = "<group>";
		};
		9BCE46FC1BD4F1AD00F274A6 /* ReadBooks */ = {
			isa = PBXGroup;
			children = (
				9BCE47011BD4F1AD00F274A6 /* AppDelegate.h */,
				9BCE47021BD4F1AD00F274A6 /* AppDelegate.m */,
				9BCE47041BD4F1AD00F274A6 /* ViewController.h */,
				9BCE47051BD4F1AD00F274A6 /* ViewController.m */,
				9B8B15531BD6413200211D87 /* SortTypeController.h */,
				9B8B15541BD6413200211D87 /* SortTypeController.m */,
				9BCE70471BD4FC6300F274A6 /* CellDetailController.h */,
				9BCE70481BD4FC6300F274A6 /* CellDetailController.m */,
				9B8B154F1BD6029500211D87 /* ContentDetailController.h */,
				9B8B15501BD6029500211D87 /* ContentDetailController.m */,
				9BCE47071BD4F1AD00F274A6 /* Main.storyboard */,
				9BCE470A1BD4F1AD00F274A6 /* Images.xcassets */,
				9BCE470C1BD4F1AD00F274A6 /* LaunchScreen.xib */,
				9BCE46FD1BD4F1AD00F274A6 /* Supporting Files */,
			);
			path = ReadBooks;
			sourceTree = "<group>";
		};
		9BCE46FD1BD4F1AD00F274A6 /* Supporting Files */ = {
			isa = PBXGroup;
			children = (
				9BCE46FE1BD4F1AD00F274A6 /* Info.plist */,
				9BCE46FF1BD4F1AD00F274A6 /* main.m */,
			);
			name = "Supporting Files";
			sourceTree = "<group>";
		};
		9BCE47161BD4F1AD00F274A6 /* ReadBooksTests */ = {
			isa = PBXGroup;
			children = (
				9BCE47191BD4F1AD00F274A6 /* ReadBooksTests.m */,
				9BCE47171BD4F1AD00F274A6 /* Supporting Files */,
			);
			path = ReadBooksTests;
			sourceTree = "<group>";
		};
		9BCE47171BD4F1AD00F274A6 /* Supporting Files */ = {
			isa = PBXGroup;
			children = (
				9BCE47181BD4F1AD00F274A6 /* Info.plist */,
			);
			name = "Supporting Files";
			sourceTree = "<group>";
		};
/* End PBXGroup section */

/* Begin PBXNativeTarget section */
		9BCE46F91BD4F1AD00F274A6 /* ReadBooks */ = {
			isa = PBXNativeTarget;
			buildConfigurationList = 9BCE471D1BD4F1AD00F274A6 /* Build configuration list for PBXNativeTarget "ReadBooks" */;
			buildPhases = (
				9BCE46F61BD4F1AD00F274A6 /* Sources */,
				9BCE46F71BD4F1AD00F274A6 /* Frameworks */,
				9BCE46F81BD4F1AD00F274A6 /* Resources */,
			);
			buildRules = (
			);
			dependencies = (
			);
			name = ReadBooks;
			productName = ReadBooks;
			productReference = 9BCE46FA1BD4F1AD00F274A6 /* ReadBooks.app */;
			productType = "com.apple.product-type.application";
		};
/* End PBXNativeTarget section */

/* Begin PBXProject section */
		9BCE46F21BD4F1AD00F274A6 /* Project object */ = {
			isa = PBXProject;
			attributes = {
				LastUpgradeCheck = 0640;
				ORGANIZATIONNAME = Hebiao;
				TargetAttributes = {
					9BCE46F91BD4F1AD00F274A6 = {
						CreatedOnToolsVersion = 6.4;
					};
				};
			};
			buildConfigurationList = 9BCE46F51BD4F1AD00F274A6 /* Build configuration list for PBXProject "ReadBooks" */;
			compatibilityVersion = "Xcode 3.2";
			developmentRegion = English;
			hasScannedForEncodings = 0;
			knownRegions = (
				en,
				Base,
			);
			mainGroup = 9BCE46F11BD4F1AD00F274A6;
			productRefGroup = 9BCE46FB1BD4F1AD00F274A6 /* Products */;
			projectDirPath = "";
			projectRoot = "";
			targets = (
				9BCE46F91BD4F1AD00F274A6 /* ReadBooks */,
			);
		};
/* End PBXProject section */

/* Begin PBXResourcesBuildPhase section */
		9BCE46F81BD4F1AD00F274A6 /* Resources */ = {
			isa = PBXResourcesBuildPhase;
			buildActionMask = 2147483647;
			files = (
				9BCE47091BD4F1AD00F274A6 /* Main.storyboard in Resources */,
				9BCE470E1BD4F1AD00F274A6 /* LaunchScreen.xib in Resources */,
				9BCE470B1BD4F1AD00F274A6 /* Images.xcassets in Resources */,
				9B8B154E1BD5F1EE00211D87 /* novel_zip in Resources */,
			);
			runOnlyForDeploymentPostprocessing = 0;
		};
/* End PBXResourcesBuildPhase section */

/* Begin PBXSourcesBuildPhase section */
		9BCE46F61BD4F1AD00F274A6 /* Sources */ = {
			isa = PBXSourcesBuildPhase;
			buildActionMask = 2147483647;
			files = (
				9B8B14C31BD5F0D900211D87 /* NSObject+SBJSON.m in Sources */,
				9B8B14C81BD5F0D900211D87 /* SBJsonWriter.m in Sources */,
				9B8B14C61BD5F0D900211D87 /* SBJsonBase.m in Sources */,
				9BCE70491BD4FC6300F274A6 /* CellDetailController.m in Sources */,
				9BCE47061BD4F1AD00F274A6 /* ViewController.m in Sources */,
				9B8B15551BD6413200211D87 /* SortTypeController.m in Sources */,
				9B8B14C51BD5F0D900211D87 /* SBJSON.m in Sources */,
				9BCE47031BD4F1AD00F274A6 /* AppDelegate.m in Sources */,
				9B8B14C71BD5F0D900211D87 /* SBJsonParser.m in Sources */,
				9B8B14C41BD5F0D900211D87 /* NSString+SBJSON.m in Sources */,
				9B8B15511BD6029500211D87 /* ContentDetailController.m in Sources */,
				9BCE47001BD4F1AD00F274A6 /* main.m in Sources */,
			);
			runOnlyForDeploymentPostprocessing = 0;
		};
/* End PBXSourcesBuildPhase section */

/* Begin PBXVariantGroup section */
		9BCE47071BD4F1AD00F274A6 /* Main.storyboard */ = {
			isa = PBXVariantGroup;
			children = (
				9BCE47081BD4F1AD00F274A6 /* Base */,
			);
			name = Main.storyboard;
			sourceTree = "<group>";
		};
		9BCE470C1BD4F1AD00F274A6 /* LaunchScreen.xib */ = {
			isa = PBXVariantGroup;
			children = (
				9BCE470D1BD4F1AD00F274A6 /* Base */,
			);
			name = LaunchScreen.xib;
			sourceTree = "<group>";
		};
/* End PBXVariantGroup section */

/* Begin XCBuildConfiguration section */
		9BCE471B1BD4F1AD00F274A6 /* Debug */ = {
			isa = XCBuildConfiguration;
			buildSettings = {
				ALWAYS_SEARCH_USER_PATHS = NO;
				CLANG_CXX_LANGUAGE_STANDARD = "gnu++0x";
				CLANG_CXX_LIBRARY = "libc++";
				CLANG_ENABLE_MODULES = YES;
				CLANG_ENABLE_OBJC_ARC = YES;
				CLANG_WARN_BOOL_CONVERSION = YES;
				CLANG_WARN_CONSTANT_CONVERSION = YES;
				CLANG_WARN_DIRECT_OBJC_ISA_USAGE = YES_ERROR;
				CLANG_WARN_EMPTY_BODY = YES;
				CLANG_WARN_ENUM_CONVERSION = YES;
				CLANG_WARN_INT_CONVERSION = YES;
				CLANG_WARN_OBJC_ROOT_CLASS = YES_ERROR;
				CLANG_WARN_UNREACHABLE_CODE = YES;
				CLANG_WARN__DUPLICATE_METHOD_MATCH = YES;
				CODE_SIGN_IDENTITY = "iPhone Developer: cao meng (7T8WG67PN3)";
				"CODE_SIGN_IDENTITY[sdk=iphoneos*]" = "iPhone Developer: cao meng (7T8WG67PN3)";
				COPY_PHASE_STRIP = NO;
				DEBUG_INFORMATION_FORMAT = "dwarf-with-dsym";
				ENABLE_STRICT_OBJC_MSGSEND = YES;
				GCC_C_LANGUAGE_STANDARD = gnu99;
				GCC_DYNAMIC_NO_PIC = NO;
				GCC_NO_COMMON_BLOCKS = YES;
				GCC_OPTIMIZATION_LEVEL = 0;
				GCC_PREPROCESSOR_DEFINITIONS = (
					"DEBUG=1",
					"$(inherited)",
				);
				GCC_SYMBOLS_PRIVATE_EXTERN = NO;
				GCC_WARN_64_TO_32_BIT_CONVERSION = YES;
				GCC_WARN_ABOUT_RETURN_TYPE = YES_ERROR;
				GCC_WARN_UNDECLARED_SELECTOR = YES;
				GCC_WARN_UNINITIALIZED_AUTOS = YES_AGGRESSIVE;
				GCC_WARN_UNUSED_FUNCTION = YES;
				GCC_WARN_UNUSED_VARIABLE = YES;
				IPHONEOS_DEPLOYMENT_TARGET = 8.4;
				MTL_ENABLE_DEBUG_INFO = YES;
				ONLY_ACTIVE_ARCH = YES;
				PROVISIONING_PROFILE = "686c4f0e-c913-41db-bcc7-14f561e8143c";
				SDKROOT = iphoneos;
			};
			name = Debug;
		};
		9BCE471C1BD4F1AD00F274A6 /* Release */ = {
			isa = XCBuildConfiguration;
			buildSettings = {
				ALWAYS_SEARCH_USER_PATHS = NO;
				CLANG_CXX_LANGUAGE_STANDARD = "gnu++0x";
				CLANG_CXX_LIBRARY = "libc++";
				CLANG_ENABLE_MODULES = YES;
				CLANG_ENABLE_OBJC_ARC = YES;
				CLANG_WARN_BOOL_CONVERSION = YES;
				CLANG_WARN_CONSTANT_CONVERSION = YES;
				CLANG_WARN_DIRECT_OBJC_ISA_USAGE = YES_ERROR;
				CLANG_WARN_EMPTY_BODY = YES;
				CLANG_WARN_ENUM_CONVERSION = YES;
				CLANG_WARN_INT_CONVERSION = YES;
				CLANG_WARN_OBJC_ROOT_CLASS = YES_ERROR;
				CLANG_WARN_UNREACHABLE_CODE = YES;
				CLANG_WARN__DUPLICATE_METHOD_MATCH = YES;
				CODE_SIGN_IDENTITY = "iPhone Developer: cao meng (7T8WG67PN3)";
				"CODE_SIGN_IDENTITY[sdk=iphoneos*]" = "iPhone Developer: cao meng (7T8WG67PN3)";
				COPY_PHASE_STRIP = NO;
				DEBUG_INFORMATION_FORMAT = "dwarf-with-dsym";
				ENABLE_NS_ASSERTIONS = NO;
				ENABLE_STRICT_OBJC_MSGSEND = YES;
				GCC_C_LANGUAGE_STANDARD = gnu99;
				GCC_NO_COMMON_BLOCKS = YES;
				GCC_WARN_64_TO_32_BIT_CONVERSION = YES;
				GCC_WARN_ABOUT_RETURN_TYPE = YES_ERROR;
				GCC_WARN_UNDECLARED_SELECTOR = YES;
				GCC_WARN_UNINITIALIZED_AUTOS = YES_AGGRESSIVE;
				GCC_WARN_UNUSED_FUNCTION = YES;
				GCC_WARN_UNUSED_VARIABLE = YES;
				IPHONEOS_DEPLOYMENT_TARGET = 8.4;
				MTL_ENABLE_DEBUG_INFO = NO;
				PROVISIONING_PROFILE = "686c4f0e-c913-41db-bcc7-14f561e8143c";
				SDKROOT = iphoneos;
				VALIDATE_PRODUCT = YES;
			};
			name = Release;
		};
		9BCE471E1BD4F1AD00F274A6 /* Debug */ = {
			isa = XCBuildConfiguration;
			buildSettings = {
				ASSETCATALOG_COMPILER_APPICON_NAME = AppIcon;
				CODE_SIGN_IDENTITY = "iPhone Developer: cao meng (7T8WG67PN3)";
				"CODE_SIGN_IDENTITY[sdk=iphoneos*]" = "iPhone Developer: cao meng (7T8WG67PN3)";
				INFOPLIST_FILE = ReadBooks/Info.plist;
				LD_RUNPATH_SEARCH_PATHS = "$(inherited) @executable_path/Frameworks";
				PRODUCT_NAME = "$(TARGET_NAME)";
				PROVISIONING_PROFILE = "686c4f0e-c913-41db-bcc7-14f561e8143c";
			};
			name = Debug;
		};
		9BCE471F1BD4F1AD00F274A6 /* Release */ = {
			isa = XCBuildConfiguration;
			buildSettings = {
				ASSETCATALOG_COMPILER_APPICON_NAME = AppIcon;
				CODE_SIGN_IDENTITY = "iPhone Developer: cao meng (7T8WG67PN3)";
				"CODE_SIGN_IDENTITY[sdk=iphoneos*]" = "iPhone Developer: cao meng (7T8WG67PN3)";
				INFOPLIST_FILE = ReadBooks/Info.plist;
				LD_RUNPATH_SEARCH_PATHS = "$(inherited) @executable_path/Frameworks";
				PRODUCT_NAME = "$(TARGET_NAME)";
				PROVISIONING_PROFILE = "686c4f0e-c913-41db-bcc7-14f561e8143c";
			};
			name = Release;
		};
/* End XCBuildConfiguration section */

/* Begin XCConfigurationList section */
		9BCE46F51BD4F1AD00F274A6 /* Build configuration list for PBXProject "ReadBooks" */ = {
			isa = XCConfigurationList;
			buildConfigurations = (
				9BCE471B1BD4F1AD00F274A6 /* Debug */,
				9BCE471C1BD4F1AD00F274A6 /* Release */,
			);
			defaultConfigurationIsVisible = 0;
			defaultConfigurationName = Release;
		};
		9BCE471D1BD4F1AD00F274A6 /* Build configuration list for PBXNativeTarget "ReadBooks" */ = {
			isa = XCConfigurationList;
			buildConfigurations = (
				9BCE471E1BD4F1AD00F274A6 /* Debug */,
				9BCE471F1BD4F1AD00F274A6 /* Release */,
			);
			defaultConfigurationIsVisible = 0;
			defaultConfigurationName = Release;
		};
/* End XCConfigurationList section */
	};
	rootObject = 9BCE46F21BD4F1AD00F274A6 /* Project object */;
}
